
Microsoft Visual Studio Solution File, Format Version 12.00
# Visual Studio Version 17
VisualStudioVersion = 17.4.33103.184
MinimumVisualStudioVersion = 10.0.40219.1
Project("{9A19103F-16F7-4668-BE54-9A1E7A4F7556}") = "MyAppWeb", "MyAppWeb\MyAppWeb.csproj", "{1DA5127D-AE7B-4266-ABC7-43D3CAE4E450}"
EndProject
Project("{FAE04EC0-301F-11D3-BF4B-00C04F79EFBC}") = "MyApp.Models", "MyApp.Models\MyApp.Models.csproj", "{381D432B-D6FE-49F1-AB12-0412E4ACB3C3}"
EndProject
Project("{FAE04EC0-301F-11D3-BF4B-00C04F79EFBC}") = "MyApp.DataAccessLayer", "MyApp.DataAccessLayer\MyApp.DataAccessLayer.csproj", "{504DCA92-9A8A-4B42-BC4B-1F4F7CBCBAD6}"
EndProject
Global
	GlobalSection(SolutionConfigurationPlatforms) = preSolution
		Debug|Any CPU = Debug|Any CPU
		Release|Any CPU = Release|Any CPU
	EndGlobalSection
	GlobalSection(ProjectConfigurationPlatforms) = postSolution
		{1DA5127D-AE7B-4266-ABC7-43D3CAE4E450}.Debug|Any CPU.ActiveCfg = Debug|Any CPU
		{1DA5127D-AE7B-4266-ABC7-43D3CAE4E450}.Debug|Any CPU.Build.0 = Debug|Any CPU
		{1DA5127D-AE7B-4266-ABC7-43D3CAE4E450}.Release|Any CPU.ActiveCfg = Release|Any CPU
		{1DA5127D-AE7B-4266-ABC7-43D3CAE4E450}.Release|Any CPU.Build.0 = Release|Any CPU
		{381D432B-D6FE-49F1-AB12-0412E4ACB3C3}.Debug|Any CPU.ActiveCfg = Debug|Any CPU
		{381D432B-D6FE-49F1-AB12-0412E4ACB3C3}.Debug|Any CPU.Build.0 = Debug|Any CPU
		{381D432B-D6FE-49F1-AB12-0412E4ACB3C3}.Release|Any CPU.ActiveCfg = Release|Any CPU
		{381D432B-D6FE-49F1-AB12-0412E4ACB3C3}.Release|Any CPU.Build.0 = Release|Any CPU
		{504DCA92-9A8A-4B42-BC4B-1F4F7CBCBAD6}.Debug|Any CPU.ActiveCfg = Debug|Any CPU
		{504DCA92-9A8A-4B42-BC4B-1F4F7CBCBAD6}.Debug|Any CPU.Build.0 = Debug|Any CPU
		{504DCA92-9A8A-4B42-BC4B-1F4F7CBCBAD6}.Release|Any CPU.ActiveCfg = Release|Any CPU
		{504DCA92-9A8A-4B42-BC4B-1F4F7CBCBAD6}.Release|Any CPU.Build.0 = Release|Any CPU
	EndGlobalSection
	GlobalSection(SolutionProperties) = preSolution
		HideSolutionNode = FALSE
	EndGlobalSection
	GlobalSection(ExtensibilityGlobals) = postSolution
		SolutionGuid = {85235751-097F-4A78-AD7C-C34F97DE0A53}
	EndGlobalSection
EndGlobal
